
Microsoft Visual Studio Solution File, Format Version 12.00
# Visual Studio Version 17
VisualStudioVersion = 17.9.34902.65
MinimumVisualStudioVersion = 10.0.40219.1
Project("{FAE04EC0-301F-11D3-BF4B-00C04F79EFBC}") = "PipeQRTrack", "PipeQRTrack\PipeQRTrack.csproj", "{597063ED-C011-4970-A0A7-2BDACA00D87D}"
EndProject
Project("{FAE04EC0-301F-11D3-BF4B-00C04F79EFBC}") = "PipeQRTrack.Client", "PipeQRTrack.Client\PipeQRTrack.Client.csproj", "{57496ED7-A3C2-402B-A2AD-DA1AC2F0BDF8}"
EndProject
Global
	GlobalSection(SolutionConfigurationPlatforms) = preSolution
		Debug|Any CPU = Debug|Any CPU
		Release|Any CPU = Release|Any CPU
	EndGlobalSection
	GlobalSection(ProjectConfigurationPlatforms) = postSolution
		{597063ED-C011-4970-A0A7-2BDACA00D87D}.Debug|Any CPU.ActiveCfg = Debug|Any CPU
		{597063ED-C011-4970-A0A7-2BDACA00D87D}.Debug|Any CPU.Build.0 = Debug|Any CPU
		{597063ED-C011-4970-A0A7-2BDACA00D87D}.Release|Any CPU.ActiveCfg = Release|Any CPU
		{597063ED-C011-4970-A0A7-2BDACA00D87D}.Release|Any CPU.Build.0 = Release|Any CPU
		{57496ED7-A3C2-402B-A2AD-DA1AC2F0BDF8}.Debug|Any CPU.ActiveCfg = Debug|Any CPU
		{57496ED7-A3C2-402B-A2AD-DA1AC2F0BDF8}.Debug|Any CPU.Build.0 = Debug|Any CPU
		{57496ED7-A3C2-402B-A2AD-DA1AC2F0BDF8}.Release|Any CPU.ActiveCfg = Release|Any CPU
		{57496ED7-A3C2-402B-A2AD-DA1AC2F0BDF8}.Release|Any CPU.Build.0 = Release|Any CPU
	EndGlobalSection
	GlobalSection(SolutionProperties) = preSolution
		HideSolutionNode = FALSE
	EndGlobalSection
	GlobalSection(ExtensibilityGlobals) = postSolution
		SolutionGuid = {A9360364-72CC-408F-84D5-073B9DD5CBB1}
	EndGlobalSection
EndGlobal
